
Microsoft Visual Studio Solution File, Format Version 12.00
# Visual Studio Version 17
VisualStudioVersion = 17.0.32014.148
MinimumVisualStudioVersion = 10.0.40219.1
Project("{FAE04EC0-301F-11D3-BF4B-00C04F79EFBC}") = "TestAPI", "TestAPI\TestAPI.csproj", "{D68B933A-067F-4713-9FF8-50261AC49D9D}"
EndProject
Global
	GlobalSection(SolutionConfigurationPlatforms) = preSolution
		Debug|Any CPU = Debug|Any CPU
		Release|Any CPU = Release|Any CPU
	EndGlobalSection
	GlobalSection(ProjectConfigurationPlatforms) = postSolution
		{D68B933A-067F-4713-9FF8-50261AC49D9D}.Debug|Any CPU.ActiveCfg = Debug|Any CPU
		{D68B933A-067F-4713-9FF8-50261AC49D9D}.Debug|Any CPU.Build.0 = Debug|Any CPU
		{D68B933A-067F-4713-9FF8-50261AC49D9D}.Release|Any CPU.ActiveCfg = Release|Any CPU
		{D68B933A-067F-4713-9FF8-50261AC49D9D}.Release|Any CPU.Build.0 = Release|Any CPU
	EndGlobalSection
	GlobalSection(SolutionProperties) = preSolution
		HideSolutionNode = FALSE
	EndGlobalSection
	GlobalSection(ExtensibilityGlobals) = postSolution
		SolutionGuid = {2016847E-8D8F-44C2-B7F0-78900A405432}
	EndGlobalSection
EndGlobal
